// !$*UTF8*$!
{
	archiveVersion = 1;
	classes = {
	};
	objectVersion = 55;
	objects = {

/* Begin PBXBuildFile section */
		6E2EEA592711D49500E73533 /* API Caller.swift in Sources */ = {isa = PBXBuildFile; fileRef = 6E2EEA582711D49500E73533 /* API Caller.swift */; };
		6E2F972327241131008D216F /* DikidiDataCall.swift in Sources */ = {isa = PBXBuildFile; fileRef = 6E2F972227241131008D216F /* DikidiDataCall.swift */; };
		6E87957B27159F11007B4000 /* CatagolModels.swift in Sources */ = {isa = PBXBuildFile; fileRef = 6E87957A27159F10007B4000 /* CatagolModels.swift */; };
		6E87957D27159F6D007B4000 /* Dikidi.swift in Sources */ = {isa = PBXBuildFile; fileRef = 6E87957C27159F6D007B4000 /* Dikidi.swift */; };
		6E87957F27159F83007B4000 /* DataClass.swift in Sources */ = {isa = PBXBuildFile; fileRef = 6E87957E27159F83007B4000 /* DataClass.swift */; };
		6E87958127159FBF007B4000 /* Blocks.swift in Sources */ = {isa = PBXBuildFile; fileRef = 6E87958027159FBF007B4000 /* Blocks.swift */; };
		6E87958327159FE0007B4000 /* Currency.swift in Sources */ = {isa = PBXBuildFile; fileRef = 6E87958227159FE0007B4000 /* Currency.swift */; };
		6E87958527159FF9007B4000 /* ImageModel.swift in Sources */ = {isa = PBXBuildFile; fileRef = 6E87958427159FF9007B4000 /* ImageModel.swift */; };
		6E8795872715A00F007B4000 /* Schedule.swift in Sources */ = {isa = PBXBuildFile; fileRef = 6E8795862715A00F007B4000 /* Schedule.swift */; };
		6E8795892715A030007B4000 /* Vip.swift in Sources */ = {isa = PBXBuildFile; fileRef = 6E8795882715A030007B4000 /* Vip.swift */; };
		6E87958B2715A04F007B4000 /* Errors.swift in Sources */ = {isa = PBXBuildFile; fileRef = 6E87958A2715A04F007B4000 /* Errors.swift */; };
		6E87958D2715A06E007B4000 /* Decoder.swift in Sources */ = {isa = PBXBuildFile; fileRef = 6E87958C2715A06E007B4000 /* Decoder.swift */; };
		6ED3440227107DF600C9BF74 /* DIKIDIApp.swift in Sources */ = {isa = PBXBuildFile; fileRef = 6ED3440127107DF600C9BF74 /* DIKIDIApp.swift */; };
		6ED3440427107DF600C9BF74 /* ContentView.swift in Sources */ = {isa = PBXBuildFile; fileRef = 6ED3440327107DF600C9BF74 /* ContentView.swift */; };
		6ED3440627107DFB00C9BF74 /* Assets.xcassets in Resources */ = {isa = PBXBuildFile; fileRef = 6ED3440527107DFB00C9BF74 /* Assets.xcassets */; };
		6ED3440927107DFB00C9BF74 /* Preview Assets.xcassets in Resources */ = {isa = PBXBuildFile; fileRef = 6ED3440827107DFB00C9BF74 /* Preview Assets.xcassets */; };
		6EFB6AC72711E95E00CDC0A2 /* HomeView.swift in Sources */ = {isa = PBXBuildFile; fileRef = 6EFB6AC62711E95E00CDC0A2 /* HomeView.swift */; };
		965366E2F8DF9D2F736A3E17 /* Pods_DIKIDI.framework in Frameworks */ = {isa = PBXBuildFile; fileRef = 775192E2A92800DE02885534 /* Pods_DIKIDI.framework */; };
/* End PBXBuildFile section */

/* Begin PBXFileReference section */
		33B7ED6287837AC897CF3B08 /* Pods-DIKIDI.debug.xcconfig */ = {isa = PBXFileReference; includeInIndex = 1; lastKnownFileType = text.xcconfig; name = "Pods-DIKIDI.debug.xcconfig"; path = "Target Support Files/Pods-DIKIDI/Pods-DIKIDI.debug.xcconfig"; sourceTree = "<group>"; };
		39630BB4BE7D5A24AC972182 /* Pods-DIKIDI.release.xcconfig */ = {isa = PBXFileReference; includeInIndex = 1; lastKnownFileType = text.xcconfig; name = "Pods-DIKIDI.release.xcconfig"; path = "Target Support Files/Pods-DIKIDI/Pods-DIKIDI.release.xcconfig"; sourceTree = "<group>"; };
		6E2EEA582711D49500E73533 /* API Caller.swift */ = {isa = PBXFileReference; lastKnownFileType = sourcecode.swift; path = "API Caller.swift"; sourceTree = "<group>"; };
		6E2F972227241131008D216F /* DikidiDataCall.swift */ = {isa = PBXFileReference; lastKnownFileType = sourcecode.swift; path = DikidiDataCall.swift; sourceTree = "<group>"; };
		6E87957A27159F10007B4000 /* CatagolModels.swift */ = {isa = PBXFileReference; lastKnownFileType = sourcecode.swift; path = CatagolModels.swift; sourceTree = "<group>"; };
		6E87957C27159F6D007B4000 /* Dikidi.swift */ = {isa = PBXFileReference; lastKnownFileType = sourcecode.swift; path = Dikidi.swift; sourceTree = "<group>"; };
		6E87957E27159F83007B4000 /* DataClass.swift */ = {isa = PBXFileReference; lastKnownFileType = sourcecode.swift; path = DataClass.swift; sourceTree = "<group>"; };
		6E87958027159FBF007B4000 /* Blocks.swift */ = {isa = PBXFileReference; lastKnownFileType = sourcecode.swift; path = Blocks.swift; sourceTree = "<group>"; };
		6E87958227159FE0007B4000 /* Currency.swift */ = {isa = PBXFileReference; lastKnownFileType = sourcecode.swift; path = Currency.swift; sourceTree = "<group>"; };
		6E87958427159FF9007B4000 /* ImageModel.swift */ = {isa = PBXFileReference; lastKnownFileType = sourcecode.swift; path = ImageModel.swift; sourceTree = "<group>"; };
		6E8795862715A00F007B4000 /* Schedule.swift */ = {isa = PBXFileReference; lastKnownFileType = sourcecode.swift; path = Schedule.swift; sourceTree = "<group>"; };
		6E8795882715A030007B4000 /* Vip.swift */ = {isa = PBXFileReference; lastKnownFileType = sourcecode.swift; path = Vip.swift; sourceTree = "<group>"; };
		6E87958A2715A04F007B4000 /* Errors.swift */ = {isa = PBXFileReference; lastKnownFileType = sourcecode.swift; path = Errors.swift; sourceTree = "<group>"; };
		6E87958C2715A06E007B4000 /* Decoder.swift */ = {isa = PBXFileReference; lastKnownFileType = sourcecode.swift; path = Decoder.swift; sourceTree = "<group>"; };
		6ED343FE27107DF600C9BF74 /* DIKIDI.app */ = {isa = PBXFileReference; explicitFileType = wrapper.application; includeInIndex = 0; path = DIKIDI.app; sourceTree = BUILT_PRODUCTS_DIR; };
		6ED3440127107DF600C9BF74 /* DIKIDIApp.swift */ = {isa = PBXFileReference; lastKnownFileType = sourcecode.swift; path = DIKIDIApp.swift; sourceTree = "<group>"; };
		6ED3440327107DF600C9BF74 /* ContentView.swift */ = {isa = PBXFileReference; lastKnownFileType = sourcecode.swift; path = ContentView.swift; sourceTree = "<group>"; };
		6ED3440527107DFB00C9BF74 /* Assets.xcassets */ = {isa = PBXFileReference; lastKnownFileType = folder.assetcatalog; path = Assets.xcassets; sourceTree = "<group>"; };
		6ED3440827107DFB00C9BF74 /* Preview Assets.xcassets */ = {isa = PBXFileReference; lastKnownFileType = folder.assetcatalog; path = "Preview Assets.xcassets"; sourceTree = "<group>"; };
		6EFB6AC62711E95E00CDC0A2 /* HomeView.swift */ = {isa = PBXFileReference; lastKnownFileType = sourcecode.swift; path = HomeView.swift; sourceTree = "<group>"; };
		775192E2A92800DE02885534 /* Pods_DIKIDI.framework */ = {isa = PBXFileReference; explicitFileType = wrapper.framework; includeInIndex = 0; path = Pods_DIKIDI.framework; sourceTree = BUILT_PRODUCTS_DIR; };
/* End PBXFileReference section */

/* Begin PBXFrameworksBuildPhase section */
		6ED343FB27107DF500C9BF74 /* Frameworks */ = {
			isa = PBXFrameworksBuildPhase;
			buildActionMask = 2147483647;
			files = (
				965366E2F8DF9D2F736A3E17 /* Pods_DIKIDI.framework in Frameworks */,
			);
			runOnlyForDeploymentPostprocessing = 0;
		};
/* End PBXFrameworksBuildPhase section */

/* Begin PBXGroup section */
		6E87958E2715A24A007B4000 /* ViewModel */ = {
			isa = PBXGroup;
			children = (
				6E87958C2715A06E007B4000 /* Decoder.swift */,
			);
			path = ViewModel;
			sourceTree = "<group>";
		};
		6E87958F2715A30B007B4000 /* ViewController */ = {
			isa = PBXGroup;
			children = (
				6ED3440327107DF600C9BF74 /* ContentView.swift */,
			);
			path = ViewController;
			sourceTree = "<group>";
		};
		6E8795902715A34B007B4000 /* API Service */ = {
			isa = PBXGroup;
			children = (
				6E2EEA582711D49500E73533 /* API Caller.swift */,
				6E2F972227241131008D216F /* DikidiDataCall.swift */,
			);
			path = "API Service";
			sourceTree = "<group>";
		};
		6E8795912715A369007B4000 /* Common */ = {
			isa = PBXGroup;
			children = (
				6ED3440127107DF600C9BF74 /* DIKIDIApp.swift */,
			);
			path = Common;
			sourceTree = "<group>";
		};
		6ED343F527107DF500C9BF74 = {
			isa = PBXGroup;
			children = (
				6ED3440027107DF600C9BF74 /* DIKIDI */,
				6ED343FF27107DF600C9BF74 /* Products */,
				E1D1CBF8C36DB05856354C72 /* Pods */,
				8DE0F1672F43CB2F9A8A4543 /* Frameworks */,
			);
			sourceTree = "<group>";
		};
		6ED343FF27107DF600C9BF74 /* Products */ = {
			isa = PBXGroup;
			children = (
				6ED343FE27107DF600C9BF74 /* DIKIDI.app */,
			);
			name = Products;
			sourceTree = "<group>";
		};
		6ED3440027107DF600C9BF74 /* DIKIDI */ = {
			isa = PBXGroup;
			children = (
				6E87958F2715A30B007B4000 /* ViewController */,
				6E8795902715A34B007B4000 /* API Service */,
				6EFB6AC92712EF1400CDC0A2 /* Models */,
				6E87958E2715A24A007B4000 /* ViewModel */,
				6EFB6AC82712EE4700CDC0A2 /* View */,
				6E8795912715A369007B4000 /* Common */,
				6ED3440527107DFB00C9BF74 /* Assets.xcassets */,
				6ED3440727107DFB00C9BF74 /* Preview Content */,
			);
			path = DIKIDI;
			sourceTree = "<group>";
		};
		6ED3440727107DFB00C9BF74 /* Preview Content */ = {
			isa = PBXGroup;
			children = (
				6ED3440827107DFB00C9BF74 /* Preview Assets.xcassets */,
			);
			path = "Preview Content";
			sourceTree = "<group>";
		};
		6EFB6AC82712EE4700CDC0A2 /* View */ = {
			isa = PBXGroup;
			children = (
				6EFB6AC62711E95E00CDC0A2 /* HomeView.swift */,
			);
			path = View;
			sourceTree = "<group>";
		};
		6EFB6AC92712EF1400CDC0A2 /* Models */ = {
			isa = PBXGroup;
			children = (
				6E87957C27159F6D007B4000 /* Dikidi.swift */,
				6E87957E27159F83007B4000 /* DataClass.swift */,
				6E87957A27159F10007B4000 /* CatagolModels.swift */,
				6E87958027159FBF007B4000 /* Blocks.swift */,
				6E87958227159FE0007B4000 /* Currency.swift */,
				6E87958427159FF9007B4000 /* ImageModel.swift */,
				6E8795862715A00F007B4000 /* Schedule.swift */,
				6E8795882715A030007B4000 /* Vip.swift */,
				6E87958A2715A04F007B4000 /* Errors.swift */,
			);
			path = Models;
			sourceTree = "<group>";
		};
		8DE0F1672F43CB2F9A8A4543 /* Frameworks */ = {
			isa = PBXGroup;
			children = (
				775192E2A92800DE02885534 /* Pods_DIKIDI.framework */,
			);
			name = Frameworks;
			sourceTree = "<group>";
		};
		E1D1CBF8C36DB05856354C72 /* Pods */ = {
			isa = PBXGroup;
			children = (
				33B7ED6287837AC897CF3B08 /* Pods-DIKIDI.debug.xcconfig */,
				39630BB4BE7D5A24AC972182 /* Pods-DIKIDI.release.xcconfig */,
			);
			path = Pods;
			sourceTree = "<group>";
		};
/* End PBXGroup section */

/* Begin PBXNativeTarget section */
		6ED343FD27107DF500C9BF74 /* DIKIDI */ = {
			isa = PBXNativeTarget;
			buildConfigurationList = 6ED3440C27107DFB00C9BF74 /* Build configuration list for PBXNativeTarget "DIKIDI" */;
			buildPhases = (
				F78C3F6972E6F82BAB597C4E /* [CP] Check Pods Manifest.lock */,
				6E2F9721272175C3008D216F /* ShellScript */,
				6ED343FA27107DF500C9BF74 /* Sources */,
				6ED343FB27107DF500C9BF74 /* Frameworks */,
				6ED343FC27107DF500C9BF74 /* Resources */,
			);
			buildRules = (
			);
			dependencies = (
			);
			name = DIKIDI;
			productName = DIKIDI;
			productReference = 6ED343FE27107DF600C9BF74 /* DIKIDI.app */;
			productType = "com.apple.product-type.application";
		};
/* End PBXNativeTarget section */

/* Begin PBXProject section */
		6ED343F627107DF500C9BF74 /* Project object */ = {
			isa = PBXProject;
			attributes = {
				BuildIndependentTargetsInParallel = 1;
				LastSwiftUpdateCheck = 1300;
				LastUpgradeCheck = 1300;
				TargetAttributes = {
					6ED343FD27107DF500C9BF74 = {
						CreatedOnToolsVersion = 13.0;
					};
				};
			};
			buildConfigurationList = 6ED343F927107DF500C9BF74 /* Build configuration list for PBXProject "DIKIDI" */;
			compatibilityVersion = "Xcode 13.0";
			developmentRegion = en;
			hasScannedForEncodings = 0;
			knownRegions = (
				en,
				Base,
			);
			mainGroup = 6ED343F527107DF500C9BF74;
			productRefGroup = 6ED343FF27107DF600C9BF74 /* Products */;
			projectDirPath = "";
			projectRoot = "";
			targets = (
				6ED343FD27107DF500C9BF74 /* DIKIDI */,
			);
		};
/* End PBXProject section */

/* Begin PBXResourcesBuildPhase section */
		6ED343FC27107DF500C9BF74 /* Resources */ = {
			isa = PBXResourcesBuildPhase;
			buildActionMask = 2147483647;
			files = (
				6ED3440927107DFB00C9BF74 /* Preview Assets.xcassets in Resources */,
				6ED3440627107DFB00C9BF74 /* Assets.xcassets in Resources */,
			);
			runOnlyForDeploymentPostprocessing = 0;
		};
/* End PBXResourcesBuildPhase section */

/* Begin PBXShellScriptBuildPhase section */
		6E2F9721272175C3008D216F /* ShellScript */ = {
			isa = PBXShellScriptBuildPhase;
			buildActionMask = 2147483647;
			files = (
			);
			inputFileListPaths = (
			);
			inputPaths = (
			);
			outputFileListPaths = (
			);
			outputPaths = (
			);
			runOnlyForDeploymentPostprocessing = 0;
			shellPath = /bin/sh;
			shellScript = "${PODS_ROOT}/SwiftLint/swiftlint\n";
		};
		F78C3F6972E6F82BAB597C4E /* [CP] Check Pods Manifest.lock */ = {
			isa = PBXShellScriptBuildPhase;
			buildActionMask = 2147483647;
			files = (
			);
			inputFileListPaths = (
			);
			inputPaths = (
				"${PODS_PODFILE_DIR_PATH}/Podfile.lock",
				"${PODS_ROOT}/Manifest.lock",
			);
			name = "[CP] Check Pods Manifest.lock";
			outputFileListPaths = (
			);
			outputPaths = (
				"$(DERIVED_FILE_DIR)/Pods-DIKIDI-checkManifestLockResult.txt",
			);
			runOnlyForDeploymentPostprocessing = 0;
			shellPath = /bin/sh;
			shellScript = "diff \"${PODS_PODFILE_DIR_PATH}/Podfile.lock\" \"${PODS_ROOT}/Manifest.lock\" > /dev/null\nif [ $? != 0 ] ; then\n    # print error to STDERR\n    echo \"error: The sandbox is not in sync with the Podfile.lock. Run 'pod install' or update your CocoaPods installation.\" >&2\n    exit 1\nfi\n# This output is used by Xcode 'outputs' to avoid re-running this script phase.\necho \"SUCCESS\" > \"${SCRIPT_OUTPUT_FILE_0}\"\n";
			showEnvVarsInLog = 0;
		};
/* End PBXShellScriptBuildPhase section */

/* Begin PBXSourcesBuildPhase section */
		6ED343FA27107DF500C9BF74 /* Sources */ = {
			isa = PBXSourcesBuildPhase;
			buildActionMask = 2147483647;
			files = (
				6E87957F27159F83007B4000 /* DataClass.swift in Sources */,
				6E87957D27159F6D007B4000 /* Dikidi.swift in Sources */,
				6E8795892715A030007B4000 /* Vip.swift in Sources */,
				6E8795872715A00F007B4000 /* Schedule.swift in Sources */,
				6E87957B27159F11007B4000 /* CatagolModels.swift in Sources */,
				6E87958D2715A06E007B4000 /* Decoder.swift in Sources */,
				6E2EEA592711D49500E73533 /* API Caller.swift in Sources */,
				6E87958527159FF9007B4000 /* ImageModel.swift in Sources */,
				6EFB6AC72711E95E00CDC0A2 /* HomeView.swift in Sources */,
				6E2F972327241131008D216F /* DikidiDataCall.swift in Sources */,
				6E87958327159FE0007B4000 /* Currency.swift in Sources */,
				6E87958B2715A04F007B4000 /* Errors.swift in Sources */,
				6E87958127159FBF007B4000 /* Blocks.swift in Sources */,
				6ED3440427107DF600C9BF74 /* ContentView.swift in Sources */,
				6ED3440227107DF600C9BF74 /* DIKIDIApp.swift in Sources */,
			);
			runOnlyForDeploymentPostprocessing = 0;
		};
/* End PBXSourcesBuildPhase section */

/* Begin XCBuildConfiguration section */
		6ED3440A27107DFB00C9BF74 /* Debug */ = {
			isa = XCBuildConfiguration;
			buildSettings = {
				ALWAYS_SEARCH_USER_PATHS = NO;
				CLANG_ANALYZER_NONNULL = YES;
				CLANG_ANALYZER_NUMBER_OBJECT_CONVERSION = YES_AGGRESSIVE;
				CLANG_CXX_LANGUAGE_STANDARD = "gnu++17";
				CLANG_CXX_LIBRARY = "libc++";
				CLANG_ENABLE_MODULES = YES;
				CLANG_ENABLE_OBJC_ARC = YES;
				CLANG_ENABLE_OBJC_WEAK = YES;
				CLANG_WARN_BLOCK_CAPTURE_AUTORELEASING = YES;
				CLANG_WARN_BOOL_CONVERSION = YES;
				CLANG_WARN_COMMA = YES;
				CLANG_WARN_CONSTANT_CONVERSION = YES;
				CLANG_WARN_DEPRECATED_OBJC_IMPLEMENTATIONS = YES;
				CLANG_WARN_DIRECT_OBJC_ISA_USAGE = YES_ERROR;
				CLANG_WARN_DOCUMENTATION_COMMENTS = YES;
				CLANG_WARN_EMPTY_BODY = YES;
				CLANG_WARN_ENUM_CONVERSION = YES;
				CLANG_WARN_INFINITE_RECURSION = YES;
				CLANG_WARN_INT_CONVERSION = YES;
				CLANG_WARN_NON_LITERAL_NULL_CONVERSION = YES;
				CLANG_WARN_OBJC_IMPLICIT_RETAIN_SELF = YES;
				CLANG_WARN_OBJC_LITERAL_CONVERSION = YES;
				CLANG_WARN_OBJC_ROOT_CLASS = YES_ERROR;
				CLANG_WARN_QUOTED_INCLUDE_IN_FRAMEWORK_HEADER = YES;
				CLANG_WARN_RANGE_LOOP_ANALYSIS = YES;
				CLANG_WARN_STRICT_PROTOTYPES = YES;
				CLANG_WARN_SUSPICIOUS_MOVE = YES;
				CLANG_WARN_UNGUARDED_AVAILABILITY = YES_AGGRESSIVE;
				CLANG_WARN_UNREACHABLE_CODE = YES;
				CLANG_WARN__DUPLICATE_METHOD_MATCH = YES;
				COPY_PHASE_STRIP = NO;
				DEBUG_INFORMATION_FORMAT = dwarf;
				ENABLE_STRICT_OBJC_MSGSEND = YES;
				ENABLE_TESTABILITY = YES;
				GCC_C_LANGUAGE_STANDARD = gnu11;
				GCC_DYNAMIC_NO_PIC = NO;
				GCC_NO_COMMON_BLOCKS = YES;
				GCC_OPTIMIZATION_LEVEL = 0;
				GCC_PREPROCESSOR_DEFINITIONS = (
					"DEBUG=1",
					"$(inherited)",
				);
				GCC_WARN_64_TO_32_BIT_CONVERSION = YES;
				GCC_WARN_ABOUT_RETURN_TYPE = YES_ERROR;
				GCC_WARN_UNDECLARED_SELECTOR = YES;
				GCC_WARN_UNINITIALIZED_AUTOS = YES_AGGRESSIVE;
				GCC_WARN_UNUSED_FUNCTION = YES;
				GCC_WARN_UNUSED_VARIABLE = YES;
				IPHONEOS_DEPLOYMENT_TARGET = 15.0;
				MTL_ENABLE_DEBUG_INFO = INCLUDE_SOURCE;
				MTL_FAST_MATH = YES;
				ONLY_ACTIVE_ARCH = YES;
				SDKROOT = iphoneos;
				SWIFT_ACTIVE_COMPILATION_CONDITIONS = DEBUG;
				SWIFT_OPTIMIZATION_LEVEL = "-Onone";
			};
			name = Debug;
		};
		6ED3440B27107DFB00C9BF74 /* Release */ = {
			isa = XCBuildConfiguration;
			buildSettings = {
				ALWAYS_SEARCH_USER_PATHS = NO;
				CLANG_ANALYZER_NONNULL = YES;
				CLANG_ANALYZER_NUMBER_OBJECT_CONVERSION = YES_AGGRESSIVE;
				CLANG_CXX_LANGUAGE_STANDARD = "gnu++17";
				CLANG_CXX_LIBRARY = "libc++";
				CLANG_ENABLE_MODULES = YES;
				CLANG_ENABLE_OBJC_ARC = YES;
				CLANG_ENABLE_OBJC_WEAK = YES;
				CLANG_WARN_BLOCK_CAPTURE_AUTORELEASING = YES;
				CLANG_WARN_BOOL_CONVERSION = YES;
				CLANG_WARN_COMMA = YES;
				CLANG_WARN_CONSTANT_CONVERSION = YES;
				CLANG_WARN_DEPRECATED_OBJC_IMPLEMENTATIONS = YES;
				CLANG_WARN_DIRECT_OBJC_ISA_USAGE = YES_ERROR;
				CLANG_WARN_DOCUMENTATION_COMMENTS = YES;
				CLANG_WARN_EMPTY_BODY = YES;
				CLANG_WARN_ENUM_CONVERSION = YES;
				CLANG_WARN_INFINITE_RECURSION = YES;
				CLANG_WARN_INT_CONVERSION = YES;
				CLANG_WARN_NON_LITERAL_NULL_CONVERSION = YES;
				CLANG_WARN_OBJC_IMPLICIT_RETAIN_SELF = YES;
				CLANG_WARN_OBJC_LITERAL_CONVERSION = YES;
				CLANG_WARN_OBJC_ROOT_CLASS = YES_ERROR;
				CLANG_WARN_QUOTED_INCLUDE_IN_FRAMEWORK_HEADER = YES;
				CLANG_WARN_RANGE_LOOP_ANALYSIS = YES;
				CLANG_WARN_STRICT_PROTOTYPES = YES;
				CLANG_WARN_SUSPICIOUS_MOVE = YES;
				CLANG_WARN_UNGUARDED_AVAILABILITY = YES_AGGRESSIVE;
				CLANG_WARN_UNREACHABLE_CODE = YES;
				CLANG_WARN__DUPLICATE_METHOD_MATCH = YES;
				COPY_PHASE_STRIP = NO;
				DEBUG_INFORMATION_FORMAT = "dwarf-with-dsym";
				ENABLE_NS_ASSERTIONS = NO;
				ENABLE_STRICT_OBJC_MSGSEND = YES;
				GCC_C_LANGUAGE_STANDARD = gnu11;
				GCC_NO_COMMON_BLOCKS = YES;
				GCC_WARN_64_TO_32_BIT_CONVERSION = YES;
				GCC_WARN_ABOUT_RETURN_TYPE = YES_ERROR;
				GCC_WARN_UNDECLARED_SELECTOR = YES;
				GCC_WARN_UNINITIALIZED_AUTOS = YES_AGGRESSIVE;
				GCC_WARN_UNUSED_FUNCTION = YES;
				GCC_WARN_UNUSED_VARIABLE = YES;
				IPHONEOS_DEPLOYMENT_TARGET = 15.0;
				MTL_ENABLE_DEBUG_INFO = NO;
				MTL_FAST_MATH = YES;
				SDKROOT = iphoneos;
				SWIFT_COMPILATION_MODE = wholemodule;
				SWIFT_OPTIMIZATION_LEVEL = "-O";
				VALIDATE_PRODUCT = YES;
			};
			name = Release;
		};
		6ED3440D27107DFB00C9BF74 /* Debug */ = {
			isa = XCBuildConfiguration;
			baseConfigurationReference = 33B7ED6287837AC897CF3B08 /* Pods-DIKIDI.debug.xcconfig */;
			buildSettings = {
				ASSETCATALOG_COMPILER_APPICON_NAME = AppIcon;
				ASSETCATALOG_COMPILER_GLOBAL_ACCENT_COLOR_NAME = AccentColor;
				CODE_SIGN_STYLE = Automatic;
				CURRENT_PROJECT_VERSION = 1;
				DEVELOPMENT_ASSET_PATHS = "\"DIKIDI/Preview Content\"";
				DEVELOPMENT_TEAM = D6S3USZW2N;
				ENABLE_PREVIEWS = YES;
				GENERATE_INFOPLIST_FILE = YES;
				INFOPLIST_KEY_UIApplicationSceneManifest_Generation = YES;
				INFOPLIST_KEY_UIApplicationSupportsIndirectInputEvents = YES;
				INFOPLIST_KEY_UILaunchScreen_Generation = YES;
				INFOPLIST_KEY_UISupportedInterfaceOrientations_iPad = "UIInterfaceOrientationPortrait UIInterfaceOrientationPortraitUpsideDown UIInterfaceOrientationLandscapeLeft UIInterfaceOrientationLandscapeRight";
				INFOPLIST_KEY_UISupportedInterfaceOrientations_iPhone = "UIInterfaceOrientationPortrait UIInterfaceOrientationLandscapeLeft UIInterfaceOrientationLandscapeRight";
				IPHONEOS_DEPLOYMENT_TARGET = 14.0;
				LD_RUNPATH_SEARCH_PATHS = (
					"$(inherited)",
					"@executable_path/Frameworks",
				);
				MARKETING_VERSION = 1.0;
				PRODUCT_BUNDLE_IDENTIFIER = "com.andrew-pautov.DIKIDI";
				PRODUCT_NAME = "$(TARGET_NAME)";
				SWIFT_EMIT_LOC_STRINGS = YES;
				SWIFT_VERSION = 5.0;
				TARGETED_DEVICE_FAMILY = "1,2";
			};
			name = Debug;
		};
		6ED3440E27107DFB00C9BF74 /* Release */ = {
			isa = XCBuildConfiguration;
			baseConfigurationReference = 39630BB4BE7D5A24AC972182 /* Pods-DIKIDI.release.xcconfig */;
			buildSettings = {
				ASSETCATALOG_COMPILER_APPICON_NAME = AppIcon;
				ASSETCATALOG_COMPILER_GLOBAL_ACCENT_COLOR_NAME = AccentColor;
				CODE_SIGN_STYLE = Automatic;
				CURRENT_PROJECT_VERSION = 1;
				DEVELOPMENT_ASSET_PATHS = "\"DIKIDI/Preview Content\"";
				DEVELOPMENT_TEAM = D6S3USZW2N;
				ENABLE_PREVIEWS = YES;
				GENERATE_INFOPLIST_FILE = YES;
				INFOPLIST_KEY_UIApplicationSceneManifest_Generation = YES;
				INFOPLIST_KEY_UIApplicationSupportsIndirectInputEvents = YES;
				INFOPLIST_KEY_UILaunchScreen_Generation = YES;
				INFOPLIST_KEY_UISupportedInterfaceOrientations_iPad = "UIInterfaceOrientationPortrait UIInterfaceOrientationPortraitUpsideDown UIInterfaceOrientationLandscapeLeft UIInterfaceOrientationLandscapeRight";
				INFOPLIST_KEY_UISupportedInterfaceOrientations_iPhone = "UIInterfaceOrientationPortrait UIInterfaceOrientationLandscapeLeft UIInterfaceOrientationLandscapeRight";
				IPHONEOS_DEPLOYMENT_TARGET = 14.0;
				LD_RUNPATH_SEARCH_PATHS = (
					"$(inherited)",
					"@executable_path/Frameworks",
				);
				MARKETING_VERSION = 1.0;
				PRODUCT_BUNDLE_IDENTIFIER = "com.andrew-pautov.DIKIDI";
				PRODUCT_NAME = "$(TARGET_NAME)";
				SWIFT_EMIT_LOC_STRINGS = YES;
				SWIFT_VERSION = 5.0;
				TARGETED_DEVICE_FAMILY = "1,2";
			};
			name = Release;
		};
/* End XCBuildConfiguration section */

/* Begin XCConfigurationList section */
		6ED343F927107DF500C9BF74 /* Build configuration list for PBXProject "DIKIDI" */ = {
			isa = XCConfigurationList;
			buildConfigurations = (
				6ED3440A27107DFB00C9BF74 /* Debug */,
				6ED3440B27107DFB00C9BF74 /* Release */,
			);
			defaultConfigurationIsVisible = 0;
			defaultConfigurationName = Release;
		};
		6ED3440C27107DFB00C9BF74 /* Build configuration list for PBXNativeTarget "DIKIDI" */ = {
			isa = XCConfigurationList;
			buildConfigurations = (
				6ED3440D27107DFB00C9BF74 /* Debug */,
				6ED3440E27107DFB00C9BF74 /* Release */,
			);
			defaultConfigurationIsVisible = 0;
			defaultConfigurationName = Release;
		};
/* End XCConfigurationList section */
	};
	rootObject = 6ED343F627107DF500C9BF74 /* Project object */;
}
